
Microsoft Visual Studio Solution File, Format Version 12.00
# Visual Studio 15
VisualStudioVersion = 15.0.27130.2027
MinimumVisualStudioVersion = 10.0.40219.1
Project("{F184B08F-C81C-45F6-A57F-5ABD9991F28F}") = "Program1", "Program1\Program1.vbproj", "{1BDB4BEB-8E39-4E35-AFF2-2B027C04C126}"
EndProject
Global
	GlobalSection(SolutionConfigurationPlatforms) = preSolution
		Debug|Any CPU = Debug|Any CPU
		Release|Any CPU = Release|Any CPU
	EndGlobalSection
	GlobalSection(ProjectConfigurationPlatforms) = postSolution
		{1BDB4BEB-8E39-4E35-AFF2-2B027C04C126}.Debug|Any CPU.ActiveCfg = Debug|Any CPU
		{1BDB4BEB-8E39-4E35-AFF2-2B027C04C126}.Debug|Any CPU.Build.0 = Debug|Any CPU
		{1BDB4BEB-8E39-4E35-AFF2-2B027C04C126}.Release|Any CPU.ActiveCfg = Release|Any CPU
		{1BDB4BEB-8E39-4E35-AFF2-2B027C04C126}.Release|Any CPU.Build.0 = Release|Any CPU
	EndGlobalSection
	GlobalSection(SolutionProperties) = preSolution
		HideSolutionNode = FALSE
	EndGlobalSection
	GlobalSection(ExtensibilityGlobals) = postSolution
		SolutionGuid = {BB3CFD83-D3F3-443D-9193-7ADF277B5793}
	EndGlobalSection
EndGlobal
